
Microsoft Visual Studio Solution File, Format Version 12.00
# Visual Studio 15
VisualStudioVersion = 15.0.26730.12
MinimumVisualStudioVersion = 10.0.40219.1
Project("{FAE04EC0-301F-11D3-BF4B-00C04F79EFBC}") = "tankgame", "tankgame\tankgame\tankgame.csproj", "{649DE040-99C6-4838-ADA3-533D0DBD4325}"
EndProject
Project("{FAE04EC0-301F-11D3-BF4B-00C04F79EFBC}") = "tankgameContent", "tankgame\tankgameContent\tankgameContent.contentproj", "{64B23BEF-DD26-4B81-AAA6-D9F46B0140B4}"
EndProject
Project("{FAE04EC0-301F-11D3-BF4B-00C04F79EFBC}") = "Server", "Server\Server.csproj", "{87041FF3-4BC8-4074-A0B3-5C0D04D9B71F}"
EndProject
Global
	GlobalSection(SolutionConfigurationPlatforms) = preSolution
		Debug|Any CPU = Debug|Any CPU
		Debug|x86 = Debug|x86
		DebugProfile|Any CPU = DebugProfile|Any CPU
		DebugProfile|x86 = DebugProfile|x86
		Profile|Any CPU = Profile|Any CPU
		Profile|x86 = Profile|x86
		Release|Any CPU = Release|Any CPU
		Release|x86 = Release|x86
	EndGlobalSection
	GlobalSection(ProjectConfigurationPlatforms) = postSolution
		{649DE040-99C6-4838-ADA3-533D0DBD4325}.Debug|Any CPU.ActiveCfg = Debug|x86
		{649DE040-99C6-4838-ADA3-533D0DBD4325}.Debug|x86.ActiveCfg = Debug|x86
		{649DE040-99C6-4838-ADA3-533D0DBD4325}.Debug|x86.Build.0 = Debug|x86
		{649DE040-99C6-4838-ADA3-533D0DBD4325}.DebugProfile|Any CPU.ActiveCfg = Release|x86
		{649DE040-99C6-4838-ADA3-533D0DBD4325}.DebugProfile|Any CPU.Build.0 = Release|x86
		{649DE040-99C6-4838-ADA3-533D0DBD4325}.DebugProfile|x86.ActiveCfg = Debug|x86
		{649DE040-99C6-4838-ADA3-533D0DBD4325}.DebugProfile|x86.Build.0 = Debug|x86
		{649DE040-99C6-4838-ADA3-533D0DBD4325}.Profile|Any CPU.ActiveCfg = Release|x86
		{649DE040-99C6-4838-ADA3-533D0DBD4325}.Profile|Any CPU.Build.0 = Release|x86
		{649DE040-99C6-4838-ADA3-533D0DBD4325}.Profile|x86.ActiveCfg = Release|x86
		{649DE040-99C6-4838-ADA3-533D0DBD4325}.Profile|x86.Build.0 = Release|x86
		{649DE040-99C6-4838-ADA3-533D0DBD4325}.Release|Any CPU.ActiveCfg = Release|x86
		{649DE040-99C6-4838-ADA3-533D0DBD4325}.Release|x86.ActiveCfg = Release|x86
		{649DE040-99C6-4838-ADA3-533D0DBD4325}.Release|x86.Build.0 = Release|x86
		{64B23BEF-DD26-4B81-AAA6-D9F46B0140B4}.Debug|Any CPU.ActiveCfg = Debug|x86
		{64B23BEF-DD26-4B81-AAA6-D9F46B0140B4}.Debug|x86.ActiveCfg = Debug|x86
		{64B23BEF-DD26-4B81-AAA6-D9F46B0140B4}.DebugProfile|Any CPU.ActiveCfg = Release|x86
		{64B23BEF-DD26-4B81-AAA6-D9F46B0140B4}.DebugProfile|x86.ActiveCfg = Debug|x86
		{64B23BEF-DD26-4B81-AAA6-D9F46B0140B4}.Profile|Any CPU.ActiveCfg = Release|x86
		{64B23BEF-DD26-4B81-AAA6-D9F46B0140B4}.Profile|x86.ActiveCfg = Release|x86
		{64B23BEF-DD26-4B81-AAA6-D9F46B0140B4}.Release|Any CPU.ActiveCfg = Release|x86
		{64B23BEF-DD26-4B81-AAA6-D9F46B0140B4}.Release|x86.ActiveCfg = Release|x86
		{87041FF3-4BC8-4074-A0B3-5C0D04D9B71F}.Debug|Any CPU.ActiveCfg = Debug|Any CPU
		{87041FF3-4BC8-4074-A0B3-5C0D04D9B71F}.Debug|Any CPU.Build.0 = Debug|Any CPU
		{87041FF3-4BC8-4074-A0B3-5C0D04D9B71F}.Debug|x86.ActiveCfg = Debug|Any CPU
		{87041FF3-4BC8-4074-A0B3-5C0D04D9B71F}.Debug|x86.Build.0 = Debug|Any CPU
		{87041FF3-4BC8-4074-A0B3-5C0D04D9B71F}.DebugProfile|Any CPU.ActiveCfg = Debug|Any CPU
		{87041FF3-4BC8-4074-A0B3-5C0D04D9B71F}.DebugProfile|Any CPU.Build.0 = Debug|Any CPU
		{87041FF3-4BC8-4074-A0B3-5C0D04D9B71F}.DebugProfile|x86.ActiveCfg = Debug|Any CPU
		{87041FF3-4BC8-4074-A0B3-5C0D04D9B71F}.DebugProfile|x86.Build.0 = Debug|Any CPU
		{87041FF3-4BC8-4074-A0B3-5C0D04D9B71F}.Profile|Any CPU.ActiveCfg = Release|Any CPU
		{87041FF3-4BC8-4074-A0B3-5C0D04D9B71F}.Profile|Any CPU.Build.0 = Release|Any CPU
		{87041FF3-4BC8-4074-A0B3-5C0D04D9B71F}.Profile|x86.ActiveCfg = Release|Any CPU
		{87041FF3-4BC8-4074-A0B3-5C0D04D9B71F}.Profile|x86.Build.0 = Release|Any CPU
		{87041FF3-4BC8-4074-A0B3-5C0D04D9B71F}.Release|Any CPU.ActiveCfg = Release|Any CPU
		{87041FF3-4BC8-4074-A0B3-5C0D04D9B71F}.Release|Any CPU.Build.0 = Release|Any CPU
		{87041FF3-4BC8-4074-A0B3-5C0D04D9B71F}.Release|x86.ActiveCfg = Release|Any CPU
		{87041FF3-4BC8-4074-A0B3-5C0D04D9B71F}.Release|x86.Build.0 = Release|Any CPU
	EndGlobalSection
	GlobalSection(SolutionProperties) = preSolution
		HideSolutionNode = FALSE
	EndGlobalSection
	GlobalSection(ExtensibilityGlobals) = postSolution
		SolutionGuid = {9176D7FB-623C-4DD4-97D6-AED877BAD039}
	EndGlobalSection
EndGlobal
